
Microsoft Visual Studio Solution File, Format Version 12.00
# Visual Studio Version 17
VisualStudioVersion = 17.10.35013.160
MinimumVisualStudioVersion = 10.0.40219.1
Project("{FAE04EC0-301F-11D3-BF4B-00C04F79EFBC}") = "MVC_Tasks", "MVC_Tasks\MVC_Tasks.csproj", "{AC70DA69-C170-41C9-B9EA-7DDB7F706012}"
EndProject
Global
	GlobalSection(SolutionConfigurationPlatforms) = preSolution
		Debug|Any CPU = Debug|Any CPU
		Release|Any CPU = Release|Any CPU
	EndGlobalSection
	GlobalSection(ProjectConfigurationPlatforms) = postSolution
		{AC70DA69-C170-41C9-B9EA-7DDB7F706012}.Debug|Any CPU.ActiveCfg = Debug|Any CPU
		{AC70DA69-C170-41C9-B9EA-7DDB7F706012}.Debug|Any CPU.Build.0 = Debug|Any CPU
		{AC70DA69-C170-41C9-B9EA-7DDB7F706012}.Release|Any CPU.ActiveCfg = Release|Any CPU
		{AC70DA69-C170-41C9-B9EA-7DDB7F706012}.Release|Any CPU.Build.0 = Release|Any CPU
	EndGlobalSection
	GlobalSection(SolutionProperties) = preSolution
		HideSolutionNode = FALSE
	EndGlobalSection
	GlobalSection(ExtensibilityGlobals) = postSolution
		SolutionGuid = {D7FDD7F8-F853-4C5F-9DA1-9BD3675233E4}
	EndGlobalSection
EndGlobal
